
Microsoft Visual Studio Solution File, Format Version 12.00
# Visual Studio 14
VisualStudioVersion = 14.0.25123.0
MinimumVisualStudioVersion = 10.0.40219.1
Project("{FAE04EC0-301F-11D3-BF4B-00C04F79EFBC}") = "CarRental.Busunes.Entities", "Business\CarRental.Busunes.Entities.csproj", "{4D6C2983-55D6-413A-85BF-33FE54BC71BC}"
EndProject
Project("{2150E333-8FDC-42A3-9474-1A3956D46DE8}") = "Business", "Business", "{2D610DCA-68EA-4076-A1DB-80A3CD418498}"
EndProject
Project("{2150E333-8FDC-42A3-9474-1A3956D46DE8}") = "Client", "Client", "{DAE43CA7-C130-46D3-8A80-794C5948D944}"
EndProject
Project("{FAE04EC0-301F-11D3-BF4B-00C04F79EFBC}") = "CarRental.Client.Entities", "CarRentall.Client.Entities\CarRental.Client.Entities.csproj", "{16BC5D93-352A-4659-A8B7-C54198C69EA8}"
EndProject
Project("{2150E333-8FDC-42A3-9474-1A3956D46DE8}") = "Core", "Core", "{F9BAC4FE-19EF-4DD6-B190-9E8B5401D045}"
EndProject
Project("{2150E333-8FDC-42A3-9474-1A3956D46DE8}") = "Test", "Test", "{A5FB7389-768D-43BD-AA6A-568575947DEA}"
EndProject
Project("{FAE04EC0-301F-11D3-BF4B-00C04F79EFBC}") = "Core.Common", "Core.Common\Core.Common.csproj", "{0C3AF233-3310-4329-9CE5-AD65CB84D003}"
EndProject
Project("{FAE04EC0-301F-11D3-BF4B-00C04F79EFBC}") = "Core.Common.Contracts", "Core.Common.Contracts\Core.Common.Contracts.csproj", "{1469E3B6-7B20-495D-9AAE-37FB555AE785}"
EndProject
Project("{FAE04EC0-301F-11D3-BF4B-00C04F79EFBC}") = "Core.Common.Tests", "Core.Common.Tests\Core.Common.Tests.csproj", "{273E672F-7F10-481F-9D5E-28BC75266862}"
EndProject
Project("{2150E333-8FDC-42A3-9474-1A3956D46DE8}") = "ResorceAccess", "ResorceAccess", "{1F56700E-FE06-49DE-B388-26204095F032}"
EndProject
Project("{FAE04EC0-301F-11D3-BF4B-00C04F79EFBC}") = "CarRental.Data", "CarRental.Data\CarRental.Data.csproj", "{62509A59-E72F-4F64-AEB5-3B72E14D80AA}"
EndProject
Project("{FAE04EC0-301F-11D3-BF4B-00C04F79EFBC}") = "CarRental.Data.Contract", "CarRental.Data.Contract\CarRental.Data.Contract.csproj", "{24C6A169-7C50-448C-80B8-7681288F4833}"
EndProject
Project("{FAE04EC0-301F-11D3-BF4B-00C04F79EFBC}") = "CarRental.Business.Bootstrapper", "CarRental.Business.Bootstrapper\CarRental.Business.Bootstrapper.csproj", "{E8C87824-36A2-4D6A-A897-481664BE5100}"
EndProject
Project("{FAE04EC0-301F-11D3-BF4B-00C04F79EFBC}") = "CarRental.Data.Tests", "CarRental.Data.Tests\CarRental.Data.Tests.csproj", "{221BFA56-D46D-4B74-A1BE-ED6E3CCD2A2E}"
EndProject
Project("{FAE04EC0-301F-11D3-BF4B-00C04F79EFBC}") = "CarRental.Business", "CarRental.Business\CarRental.Business.csproj", "{CFA401B5-D9C3-4676-9C4A-852F1431920B}"
EndProject
Project("{FAE04EC0-301F-11D3-BF4B-00C04F79EFBC}") = "CarRental.Business.Common", "CarRental.Business.Common\CarRental.Business.Common.csproj", "{949DB321-E43C-41FE-BC3F-A10DBF46C6B0}"
EndProject
Project("{FAE04EC0-301F-11D3-BF4B-00C04F79EFBC}") = "CarRental.Business.Contracts", "CarRental.Business.Contracts\CarRental.Business.Contracts.csproj", "{53A0B153-F974-4A03-9747-3E6562FC3753}"
EndProject
Project("{FAE04EC0-301F-11D3-BF4B-00C04F79EFBC}") = "CarRental.Business.Managers", "CarRental.Business.Managers\CarRental.Business.Managers.csproj", "{AD437215-CD6F-4715-BF20-EFA94A1C99D1}"
EndProject
Project("{2150E333-8FDC-42A3-9474-1A3956D46DE8}") = "Common", "Common", "{2522918B-45A7-4C04-A5EF-5121262108D9}"
EndProject
Project("{FAE04EC0-301F-11D3-BF4B-00C04F79EFBC}") = "CarRental.Common", "CarRental.Common\CarRental.Common.csproj", "{4B7B58DF-66A5-48AC-8639-C2A8500BF8DE}"
EndProject
Project("{FAE04EC0-301F-11D3-BF4B-00C04F79EFBC}") = "CarRental.Common.Contracts", "CarRental.Common.Contracts\CarRental.Common.Contracts.csproj", "{4D2BEAF4-1BFB-4B1E-AF75-26C30DA2AB42}"
EndProject
Project("{FAE04EC0-301F-11D3-BF4B-00C04F79EFBC}") = "Core.Common.ServiceModel", "Core.Common.ServiceModel\Core.Common.ServiceModel.csproj", "{16C49D08-3367-412A-8BA9-2C433400B0C9}"
EndProject
Project("{FAE04EC0-301F-11D3-BF4B-00C04F79EFBC}") = "CarRental.Business.Tests", "CarRental.Business.Tests\CarRental.Business.Tests.csproj", "{DE25BAB6-52A1-47E7-A094-F84BDD1CE7BE}"
EndProject
Project("{FAE04EC0-301F-11D3-BF4B-00C04F79EFBC}") = "CarRental.Business.Manages.Tests", "CarRental.Business.Manages.Tests\CarRental.Business.Manages.Tests.csproj", "{26E9C447-0A58-4AD5-9F6B-330F3477DB8C}"
EndProject
Project("{2150E333-8FDC-42A3-9474-1A3956D46DE8}") = "Hosting", "Hosting", "{CCE5377D-4CE8-43EB-9759-9E09163C4BE1}"
EndProject
Project("{FAE04EC0-301F-11D3-BF4B-00C04F79EFBC}") = "CarRental.ServiceHost.Console", "CarRental.ServiceHost.Console\CarRental.ServiceHost.Console.csproj", "{F5FA34CF-FC32-4DA8-8B6D-582724989E4F}"
EndProject
Project("{FAE04EC0-301F-11D3-BF4B-00C04F79EFBC}") = "CarRental.ServiceHost.Tests", "CarRental.ServiceHost.Tests\CarRental.ServiceHost.Tests.csproj", "{5A8479E8-DB6E-4297-BAB3-B7013C4942CD}"
EndProject
Project("{FAE04EC0-301F-11D3-BF4B-00C04F79EFBC}") = "CarRental.Client.Contracts", "CarRental.Client.Contracts\CarRental.Client.Contracts.csproj", "{88BD80F5-82AC-4462-9749-77A48E4A4402}"
EndProject
Project("{FAE04EC0-301F-11D3-BF4B-00C04F79EFBC}") = "CarRental.Client.Proxies", "CarRental.Client.Proxies\CarRental.Client.Proxies.csproj", "{6D8736F1-B011-4AE9-B2DD-6E4D937A445A}"
EndProject
Project("{FAE04EC0-301F-11D3-BF4B-00C04F79EFBC}") = "CarRental.Client.Bootstrapper", "CarRental.Client.Bootstrapper\CarRental.Client.Bootstrapper.csproj", "{7DE15FA6-D32F-4668-932D-B0B9E4517015}"
EndProject
Project("{FAE04EC0-301F-11D3-BF4B-00C04F79EFBC}") = "CarRental.Client.Proxies.Test", "CarRental.Client.Proxies.Test\CarRental.Client.Proxies.Test.csproj", "{49473B9E-6ED5-4107-876A-89715C52BA04}"
EndProject
Project("{2150E333-8FDC-42A3-9474-1A3956D46DE8}") = "Web", "Web", "{FDB347A4-FBBD-47B3-A0BA-5641B9571F25}"
EndProject
Project("{FAE04EC0-301F-11D3-BF4B-00C04F79EFBC}") = "CarRental.Web", "CarRental.Web\CarRental.Web.csproj", "{9069736C-1781-4BF3-A36A-E4206DE92AAF}"
EndProject
Global
	GlobalSection(SolutionConfigurationPlatforms) = preSolution
		Debug|Any CPU = Debug|Any CPU
		Release|Any CPU = Release|Any CPU
	EndGlobalSection
	GlobalSection(ProjectConfigurationPlatforms) = postSolution
		{4D6C2983-55D6-413A-85BF-33FE54BC71BC}.Debug|Any CPU.ActiveCfg = Debug|Any CPU
		{4D6C2983-55D6-413A-85BF-33FE54BC71BC}.Debug|Any CPU.Build.0 = Debug|Any CPU
		{4D6C2983-55D6-413A-85BF-33FE54BC71BC}.Release|Any CPU.ActiveCfg = Release|Any CPU
		{4D6C2983-55D6-413A-85BF-33FE54BC71BC}.Release|Any CPU.Build.0 = Release|Any CPU
		{16BC5D93-352A-4659-A8B7-C54198C69EA8}.Debug|Any CPU.ActiveCfg = Debug|Any CPU
		{16BC5D93-352A-4659-A8B7-C54198C69EA8}.Debug|Any CPU.Build.0 = Debug|Any CPU
		{16BC5D93-352A-4659-A8B7-C54198C69EA8}.Release|Any CPU.ActiveCfg = Release|Any CPU
		{16BC5D93-352A-4659-A8B7-C54198C69EA8}.Release|Any CPU.Build.0 = Release|Any CPU
		{0C3AF233-3310-4329-9CE5-AD65CB84D003}.Debug|Any CPU.ActiveCfg = Debug|Any CPU
		{0C3AF233-3310-4329-9CE5-AD65CB84D003}.Debug|Any CPU.Build.0 = Debug|Any CPU
		{0C3AF233-3310-4329-9CE5-AD65CB84D003}.Release|Any CPU.ActiveCfg = Release|Any CPU
		{0C3AF233-3310-4329-9CE5-AD65CB84D003}.Release|Any CPU.Build.0 = Release|Any CPU
		{1469E3B6-7B20-495D-9AAE-37FB555AE785}.Debug|Any CPU.ActiveCfg = Debug|Any CPU
		{1469E3B6-7B20-495D-9AAE-37FB555AE785}.Debug|Any CPU.Build.0 = Debug|Any CPU
		{1469E3B6-7B20-495D-9AAE-37FB555AE785}.Release|Any CPU.ActiveCfg = Release|Any CPU
		{1469E3B6-7B20-495D-9AAE-37FB555AE785}.Release|Any CPU.Build.0 = Release|Any CPU
		{273E672F-7F10-481F-9D5E-28BC75266862}.Debug|Any CPU.ActiveCfg = Debug|Any CPU
		{273E672F-7F10-481F-9D5E-28BC75266862}.Debug|Any CPU.Build.0 = Debug|Any CPU
		{273E672F-7F10-481F-9D5E-28BC75266862}.Release|Any CPU.ActiveCfg = Release|Any CPU
		{273E672F-7F10-481F-9D5E-28BC75266862}.Release|Any CPU.Build.0 = Release|Any CPU
		{62509A59-E72F-4F64-AEB5-3B72E14D80AA}.Debug|Any CPU.ActiveCfg = Debug|Any CPU
		{62509A59-E72F-4F64-AEB5-3B72E14D80AA}.Debug|Any CPU.Build.0 = Debug|Any CPU
		{62509A59-E72F-4F64-AEB5-3B72E14D80AA}.Release|Any CPU.ActiveCfg = Release|Any CPU
		{62509A59-E72F-4F64-AEB5-3B72E14D80AA}.Release|Any CPU.Build.0 = Release|Any CPU
		{24C6A169-7C50-448C-80B8-7681288F4833}.Debug|Any CPU.ActiveCfg = Debug|Any CPU
		{24C6A169-7C50-448C-80B8-7681288F4833}.Debug|Any CPU.Build.0 = Debug|Any CPU
		{24C6A169-7C50-448C-80B8-7681288F4833}.Release|Any CPU.ActiveCfg = Release|Any CPU
		{24C6A169-7C50-448C-80B8-7681288F4833}.Release|Any CPU.Build.0 = Release|Any CPU
		{E8C87824-36A2-4D6A-A897-481664BE5100}.Debug|Any CPU.ActiveCfg = Debug|Any CPU
		{E8C87824-36A2-4D6A-A897-481664BE5100}.Debug|Any CPU.Build.0 = Debug|Any CPU
		{E8C87824-36A2-4D6A-A897-481664BE5100}.Release|Any CPU.ActiveCfg = Release|Any CPU
		{E8C87824-36A2-4D6A-A897-481664BE5100}.Release|Any CPU.Build.0 = Release|Any CPU
		{221BFA56-D46D-4B74-A1BE-ED6E3CCD2A2E}.Debug|Any CPU.ActiveCfg = Debug|Any CPU
		{221BFA56-D46D-4B74-A1BE-ED6E3CCD2A2E}.Debug|Any CPU.Build.0 = Debug|Any CPU
		{221BFA56-D46D-4B74-A1BE-ED6E3CCD2A2E}.Release|Any CPU.ActiveCfg = Release|Any CPU
		{221BFA56-D46D-4B74-A1BE-ED6E3CCD2A2E}.Release|Any CPU.Build.0 = Release|Any CPU
		{CFA401B5-D9C3-4676-9C4A-852F1431920B}.Debug|Any CPU.ActiveCfg = Debug|Any CPU
		{CFA401B5-D9C3-4676-9C4A-852F1431920B}.Debug|Any CPU.Build.0 = Debug|Any CPU
		{CFA401B5-D9C3-4676-9C4A-852F1431920B}.Release|Any CPU.ActiveCfg = Release|Any CPU
		{CFA401B5-D9C3-4676-9C4A-852F1431920B}.Release|Any CPU.Build.0 = Release|Any CPU
		{949DB321-E43C-41FE-BC3F-A10DBF46C6B0}.Debug|Any CPU.ActiveCfg = Debug|Any CPU
		{949DB321-E43C-41FE-BC3F-A10DBF46C6B0}.Debug|Any CPU.Build.0 = Debug|Any CPU
		{949DB321-E43C-41FE-BC3F-A10DBF46C6B0}.Release|Any CPU.ActiveCfg = Release|Any CPU
		{949DB321-E43C-41FE-BC3F-A10DBF46C6B0}.Release|Any CPU.Build.0 = Release|Any CPU
		{53A0B153-F974-4A03-9747-3E6562FC3753}.Debug|Any CPU.ActiveCfg = Debug|Any CPU
		{53A0B153-F974-4A03-9747-3E6562FC3753}.Debug|Any CPU.Build.0 = Debug|Any CPU
		{53A0B153-F974-4A03-9747-3E6562FC3753}.Release|Any CPU.ActiveCfg = Release|Any CPU
		{53A0B153-F974-4A03-9747-3E6562FC3753}.Release|Any CPU.Build.0 = Release|Any CPU
		{AD437215-CD6F-4715-BF20-EFA94A1C99D1}.Debug|Any CPU.ActiveCfg = Debug|Any CPU
		{AD437215-CD6F-4715-BF20-EFA94A1C99D1}.Debug|Any CPU.Build.0 = Debug|Any CPU
		{AD437215-CD6F-4715-BF20-EFA94A1C99D1}.Release|Any CPU.ActiveCfg = Release|Any CPU
		{AD437215-CD6F-4715-BF20-EFA94A1C99D1}.Release|Any CPU.Build.0 = Release|Any CPU
		{4B7B58DF-66A5-48AC-8639-C2A8500BF8DE}.Debug|Any CPU.ActiveCfg = Debug|Any CPU
		{4B7B58DF-66A5-48AC-8639-C2A8500BF8DE}.Debug|Any CPU.Build.0 = Debug|Any CPU
		{4B7B58DF-66A5-48AC-8639-C2A8500BF8DE}.Release|Any CPU.ActiveCfg = Release|Any CPU
		{4B7B58DF-66A5-48AC-8639-C2A8500BF8DE}.Release|Any CPU.Build.0 = Release|Any CPU
		{4D2BEAF4-1BFB-4B1E-AF75-26C30DA2AB42}.Debug|Any CPU.ActiveCfg = Debug|Any CPU
		{4D2BEAF4-1BFB-4B1E-AF75-26C30DA2AB42}.Debug|Any CPU.Build.0 = Debug|Any CPU
		{4D2BEAF4-1BFB-4B1E-AF75-26C30DA2AB42}.Release|Any CPU.ActiveCfg = Release|Any CPU
		{4D2BEAF4-1BFB-4B1E-AF75-26C30DA2AB42}.Release|Any CPU.Build.0 = Release|Any CPU
		{16C49D08-3367-412A-8BA9-2C433400B0C9}.Debug|Any CPU.ActiveCfg = Debug|Any CPU
		{16C49D08-3367-412A-8BA9-2C433400B0C9}.Debug|Any CPU.Build.0 = Debug|Any CPU
		{16C49D08-3367-412A-8BA9-2C433400B0C9}.Release|Any CPU.ActiveCfg = Release|Any CPU
		{16C49D08-3367-412A-8BA9-2C433400B0C9}.Release|Any CPU.Build.0 = Release|Any CPU
		{DE25BAB6-52A1-47E7-A094-F84BDD1CE7BE}.Debug|Any CPU.ActiveCfg = Debug|Any CPU
		{DE25BAB6-52A1-47E7-A094-F84BDD1CE7BE}.Debug|Any CPU.Build.0 = Debug|Any CPU
		{DE25BAB6-52A1-47E7-A094-F84BDD1CE7BE}.Release|Any CPU.ActiveCfg = Release|Any CPU
		{DE25BAB6-52A1-47E7-A094-F84BDD1CE7BE}.Release|Any CPU.Build.0 = Release|Any CPU
		{26E9C447-0A58-4AD5-9F6B-330F3477DB8C}.Debug|Any CPU.ActiveCfg = Debug|Any CPU
		{26E9C447-0A58-4AD5-9F6B-330F3477DB8C}.Debug|Any CPU.Build.0 = Debug|Any CPU
		{26E9C447-0A58-4AD5-9F6B-330F3477DB8C}.Release|Any CPU.ActiveCfg = Release|Any CPU
		{26E9C447-0A58-4AD5-9F6B-330F3477DB8C}.Release|Any CPU.Build.0 = Release|Any CPU
		{F5FA34CF-FC32-4DA8-8B6D-582724989E4F}.Debug|Any CPU.ActiveCfg = Debug|Any CPU
		{F5FA34CF-FC32-4DA8-8B6D-582724989E4F}.Debug|Any CPU.Build.0 = Debug|Any CPU
		{F5FA34CF-FC32-4DA8-8B6D-582724989E4F}.Release|Any CPU.ActiveCfg = Release|Any CPU
		{F5FA34CF-FC32-4DA8-8B6D-582724989E4F}.Release|Any CPU.Build.0 = Release|Any CPU
		{5A8479E8-DB6E-4297-BAB3-B7013C4942CD}.Debug|Any CPU.ActiveCfg = Debug|Any CPU
		{5A8479E8-DB6E-4297-BAB3-B7013C4942CD}.Debug|Any CPU.Build.0 = Debug|Any CPU
		{5A8479E8-DB6E-4297-BAB3-B7013C4942CD}.Release|Any CPU.ActiveCfg = Release|Any CPU
		{5A8479E8-DB6E-4297-BAB3-B7013C4942CD}.Release|Any CPU.Build.0 = Release|Any CPU
		{88BD80F5-82AC-4462-9749-77A48E4A4402}.Debug|Any CPU.ActiveCfg = Debug|Any CPU
		{88BD80F5-82AC-4462-9749-77A48E4A4402}.Debug|Any CPU.Build.0 = Debug|Any CPU
		{88BD80F5-82AC-4462-9749-77A48E4A4402}.Release|Any CPU.ActiveCfg = Release|Any CPU
		{88BD80F5-82AC-4462-9749-77A48E4A4402}.Release|Any CPU.Build.0 = Release|Any CPU
		{6D8736F1-B011-4AE9-B2DD-6E4D937A445A}.Debug|Any CPU.ActiveCfg = Debug|Any CPU
		{6D8736F1-B011-4AE9-B2DD-6E4D937A445A}.Debug|Any CPU.Build.0 = Debug|Any CPU
		{6D8736F1-B011-4AE9-B2DD-6E4D937A445A}.Release|Any CPU.ActiveCfg = Release|Any CPU
		{6D8736F1-B011-4AE9-B2DD-6E4D937A445A}.Release|Any CPU.Build.0 = Release|Any CPU
		{7DE15FA6-D32F-4668-932D-B0B9E4517015}.Debug|Any CPU.ActiveCfg = Debug|Any CPU
		{7DE15FA6-D32F-4668-932D-B0B9E4517015}.Debug|Any CPU.Build.0 = Debug|Any CPU
		{7DE15FA6-D32F-4668-932D-B0B9E4517015}.Release|Any CPU.ActiveCfg = Release|Any CPU
		{7DE15FA6-D32F-4668-932D-B0B9E4517015}.Release|Any CPU.Build.0 = Release|Any CPU
		{49473B9E-6ED5-4107-876A-89715C52BA04}.Debug|Any CPU.ActiveCfg = Debug|Any CPU
		{49473B9E-6ED5-4107-876A-89715C52BA04}.Debug|Any CPU.Build.0 = Debug|Any CPU
		{49473B9E-6ED5-4107-876A-89715C52BA04}.Release|Any CPU.ActiveCfg = Release|Any CPU
		{49473B9E-6ED5-4107-876A-89715C52BA04}.Release|Any CPU.Build.0 = Release|Any CPU
		{9069736C-1781-4BF3-A36A-E4206DE92AAF}.Debug|Any CPU.ActiveCfg = Debug|Any CPU
		{9069736C-1781-4BF3-A36A-E4206DE92AAF}.Debug|Any CPU.Build.0 = Debug|Any CPU
		{9069736C-1781-4BF3-A36A-E4206DE92AAF}.Release|Any CPU.ActiveCfg = Release|Any CPU
		{9069736C-1781-4BF3-A36A-E4206DE92AAF}.Release|Any CPU.Build.0 = Release|Any CPU
	EndGlobalSection
	GlobalSection(SolutionProperties) = preSolution
		HideSolutionNode = FALSE
	EndGlobalSection
	GlobalSection(NestedProjects) = preSolution
		{4D6C2983-55D6-413A-85BF-33FE54BC71BC} = {2D610DCA-68EA-4076-A1DB-80A3CD418498}
		{16BC5D93-352A-4659-A8B7-C54198C69EA8} = {DAE43CA7-C130-46D3-8A80-794C5948D944}
		{0C3AF233-3310-4329-9CE5-AD65CB84D003} = {F9BAC4FE-19EF-4DD6-B190-9E8B5401D045}
		{1469E3B6-7B20-495D-9AAE-37FB555AE785} = {F9BAC4FE-19EF-4DD6-B190-9E8B5401D045}
		{273E672F-7F10-481F-9D5E-28BC75266862} = {A5FB7389-768D-43BD-AA6A-568575947DEA}
		{62509A59-E72F-4F64-AEB5-3B72E14D80AA} = {1F56700E-FE06-49DE-B388-26204095F032}
		{24C6A169-7C50-448C-80B8-7681288F4833} = {1F56700E-FE06-49DE-B388-26204095F032}
		{E8C87824-36A2-4D6A-A897-481664BE5100} = {2D610DCA-68EA-4076-A1DB-80A3CD418498}
		{221BFA56-D46D-4B74-A1BE-ED6E3CCD2A2E} = {A5FB7389-768D-43BD-AA6A-568575947DEA}
		{CFA401B5-D9C3-4676-9C4A-852F1431920B} = {2D610DCA-68EA-4076-A1DB-80A3CD418498}
		{949DB321-E43C-41FE-BC3F-A10DBF46C6B0} = {2D610DCA-68EA-4076-A1DB-80A3CD418498}
		{53A0B153-F974-4A03-9747-3E6562FC3753} = {2D610DCA-68EA-4076-A1DB-80A3CD418498}
		{AD437215-CD6F-4715-BF20-EFA94A1C99D1} = {2D610DCA-68EA-4076-A1DB-80A3CD418498}
		{4B7B58DF-66A5-48AC-8639-C2A8500BF8DE} = {2522918B-45A7-4C04-A5EF-5121262108D9}
		{4D2BEAF4-1BFB-4B1E-AF75-26C30DA2AB42} = {2522918B-45A7-4C04-A5EF-5121262108D9}
		{16C49D08-3367-412A-8BA9-2C433400B0C9} = {2522918B-45A7-4C04-A5EF-5121262108D9}
		{DE25BAB6-52A1-47E7-A094-F84BDD1CE7BE} = {A5FB7389-768D-43BD-AA6A-568575947DEA}
		{26E9C447-0A58-4AD5-9F6B-330F3477DB8C} = {A5FB7389-768D-43BD-AA6A-568575947DEA}
		{F5FA34CF-FC32-4DA8-8B6D-582724989E4F} = {CCE5377D-4CE8-43EB-9759-9E09163C4BE1}
		{5A8479E8-DB6E-4297-BAB3-B7013C4942CD} = {A5FB7389-768D-43BD-AA6A-568575947DEA}
		{88BD80F5-82AC-4462-9749-77A48E4A4402} = {DAE43CA7-C130-46D3-8A80-794C5948D944}
		{6D8736F1-B011-4AE9-B2DD-6E4D937A445A} = {DAE43CA7-C130-46D3-8A80-794C5948D944}
		{7DE15FA6-D32F-4668-932D-B0B9E4517015} = {DAE43CA7-C130-46D3-8A80-794C5948D944}
		{49473B9E-6ED5-4107-876A-89715C52BA04} = {A5FB7389-768D-43BD-AA6A-568575947DEA}
		{9069736C-1781-4BF3-A36A-E4206DE92AAF} = {FDB347A4-FBBD-47B3-A0BA-5641B9571F25}
	EndGlobalSection
EndGlobal
